// !$*UTF8*$!
{
	archiveVersion = 1;
	classes = {
	};
	objectVersion = 50;
	objects = {

/* Begin PBXBuildFile section */
		BAD68AE6214BA9030042C6A5 /* TableViewController.swift in Sources */ = {isa = PBXBuildFile; fileRef = BAD68AE5214BA9030042C6A5 /* TableViewController.swift */; };
		BAD68AEE214BC1B40042C6A5 /* MessageFilterExtension.swift in Sources */ = {isa = PBXBuildFile; fileRef = BAD68AED214BC1B40042C6A5 /* MessageFilterExtension.swift */; };
		BAD68AF2214BC1B40042C6A5 /* Butters Filter.appex in Embed App Extensions */ = {isa = PBXBuildFile; fileRef = BAD68AEB214BC1B40042C6A5 /* Butters Filter.appex */; settings = {ATTRIBUTES = (RemoveHeadersOnCopy, ); }; };
		BAE7C814214B6C3900844220 /* AppDelegate.swift in Sources */ = {isa = PBXBuildFile; fileRef = BAE7C813214B6C3900844220 /* AppDelegate.swift */; };
		BAE7C816214B6C3900844220 /* ViewController.swift in Sources */ = {isa = PBXBuildFile; fileRef = BAE7C815214B6C3900844220 /* ViewController.swift */; };
		BAE7C819214B6C3900844220 /* Main.storyboard in Resources */ = {isa = PBXBuildFile; fileRef = BAE7C817214B6C3900844220 /* Main.storyboard */; };
		BAE7C81B214B6C3A00844220 /* Assets.xcassets in Resources */ = {isa = PBXBuildFile; fileRef = BAE7C81A214B6C3A00844220 /* Assets.xcassets */; };
		BAE7C829214B6C3A00844220 /* ButtersTests.swift in Sources */ = {isa = PBXBuildFile; fileRef = BAE7C828214B6C3A00844220 /* ButtersTests.swift */; };
/* End PBXBuildFile section */

/* Begin PBXContainerItemProxy section */
		BAD68AF0214BC1B40042C6A5 /* PBXContainerItemProxy */ = {
			isa = PBXContainerItemProxy;
			containerPortal = BAE7C808214B6C3900844220 /* Project object */;
			proxyType = 1;
			remoteGlobalIDString = BAD68AEA214BC1B40042C6A5;
			remoteInfo = "Butters Filter";
		};
		BAE7C825214B6C3A00844220 /* PBXContainerItemProxy */ = {
			isa = PBXContainerItemProxy;
			containerPortal = BAE7C808214B6C3900844220 /* Project object */;
			proxyType = 1;
			remoteGlobalIDString = BAE7C80F214B6C3900844220;
			remoteInfo = Butters;
		};
/* End PBXContainerItemProxy section */

/* Begin PBXCopyFilesBuildPhase section */
		BAD68AF6214BC1B40042C6A5 /* Embed App Extensions */ = {
			isa = PBXCopyFilesBuildPhase;
			buildActionMask = 2147483647;
			dstPath = "";
			dstSubfolderSpec = 13;
			files = (
				BAD68AF2214BC1B40042C6A5 /* Butters Filter.appex in Embed App Extensions */,
			);
			name = "Embed App Extensions";
			runOnlyForDeploymentPostprocessing = 0;
		};
/* End PBXCopyFilesBuildPhase section */

/* Begin PBXFileReference section */
		BA9500CF214E15C400D33D56 /* Butters.entitlements */ = {isa = PBXFileReference; lastKnownFileType = text.plist.entitlements; path = Butters.entitlements; sourceTree = "<group>"; };
		BA9500D0214E162A00D33D56 /* Butters Filter.entitlements */ = {isa = PBXFileReference; lastKnownFileType = text.plist.entitlements; path = "Butters Filter.entitlements"; sourceTree = "<group>"; };
		BAD68AE5214BA9030042C6A5 /* TableViewController.swift */ = {isa = PBXFileReference; lastKnownFileType = sourcecode.swift; path = TableViewController.swift; sourceTree = "<group>"; };
		BAD68AEB214BC1B40042C6A5 /* Butters Filter.appex */ = {isa = PBXFileReference; explicitFileType = "wrapper.app-extension"; includeInIndex = 0; path = "Butters Filter.appex"; sourceTree = BUILT_PRODUCTS_DIR; };
		BAD68AED214BC1B40042C6A5 /* MessageFilterExtension.swift */ = {isa = PBXFileReference; lastKnownFileType = sourcecode.swift; path = MessageFilterExtension.swift; sourceTree = "<group>"; };
		BAD68AEF214BC1B40042C6A5 /* Info.plist */ = {isa = PBXFileReference; lastKnownFileType = text.plist.xml; path = Info.plist; sourceTree = "<group>"; };
		BAE7C810214B6C3900844220 /* Butters.app */ = {isa = PBXFileReference; explicitFileType = wrapper.application; includeInIndex = 0; path = Butters.app; sourceTree = BUILT_PRODUCTS_DIR; };
		BAE7C813214B6C3900844220 /* AppDelegate.swift */ = {isa = PBXFileReference; lastKnownFileType = sourcecode.swift; path = AppDelegate.swift; sourceTree = "<group>"; };
		BAE7C815214B6C3900844220 /* ViewController.swift */ = {isa = PBXFileReference; lastKnownFileType = sourcecode.swift; path = ViewController.swift; sourceTree = "<group>"; };
		BAE7C818214B6C3900844220 /* Base */ = {isa = PBXFileReference; lastKnownFileType = file.storyboard; name = Base; path = Base.lproj/Main.storyboard; sourceTree = "<group>"; };
		BAE7C81A214B6C3A00844220 /* Assets.xcassets */ = {isa = PBXFileReference; lastKnownFileType = folder.assetcatalog; path = Assets.xcassets; sourceTree = "<group>"; };
		BAE7C81F214B6C3A00844220 /* Info.plist */ = {isa = PBXFileReference; lastKnownFileType = text.plist.xml; path = Info.plist; sourceTree = "<group>"; };
		BAE7C824214B6C3A00844220 /* ButtersTests.xctest */ = {isa = PBXFileReference; explicitFileType = wrapper.cfbundle; includeInIndex = 0; path = ButtersTests.xctest; sourceTree = BUILT_PRODUCTS_DIR; };
		BAE7C828214B6C3A00844220 /* ButtersTests.swift */ = {isa = PBXFileReference; lastKnownFileType = sourcecode.swift; path = ButtersTests.swift; sourceTree = "<group>"; };
		BAE7C82A214B6C3A00844220 /* Info.plist */ = {isa = PBXFileReference; lastKnownFileType = text.plist.xml; path = Info.plist; sourceTree = "<group>"; };
/* End PBXFileReference section */

/* Begin PBXFrameworksBuildPhase section */
		BAD68AE8214BC1B40042C6A5 /* Frameworks */ = {
			isa = PBXFrameworksBuildPhase;
			buildActionMask = 2147483647;
			files = (
			);
			runOnlyForDeploymentPostprocessing = 0;
		};
		BAE7C80D214B6C3900844220 /* Frameworks */ = {
			isa = PBXFrameworksBuildPhase;
			buildActionMask = 2147483647;
			files = (
			);
			runOnlyForDeploymentPostprocessing = 0;
		};
		BAE7C821214B6C3A00844220 /* Frameworks */ = {
			isa = PBXFrameworksBuildPhase;
			buildActionMask = 2147483647;
			files = (
			);
			runOnlyForDeploymentPostprocessing = 0;
		};
/* End PBXFrameworksBuildPhase section */

/* Begin PBXGroup section */
		BAD68AEC214BC1B40042C6A5 /* Butters Filter */ = {
			isa = PBXGroup;
			children = (
				BA9500D0214E162A00D33D56 /* Butters Filter.entitlements */,
				BAD68AED214BC1B40042C6A5 /* MessageFilterExtension.swift */,
				BAD68AEF214BC1B40042C6A5 /* Info.plist */,
			);
			path = "Butters Filter";
			sourceTree = "<group>";
		};
		BAE7C807214B6C3900844220 = {
			isa = PBXGroup;
			children = (
				BAE7C812214B6C3900844220 /* Butters */,
				BAE7C827214B6C3A00844220 /* ButtersTests */,
				BAD68AEC214BC1B40042C6A5 /* Butters Filter */,
				BAE7C811214B6C3900844220 /* Products */,
			);
			sourceTree = "<group>";
		};
		BAE7C811214B6C3900844220 /* Products */ = {
			isa = PBXGroup;
			children = (
				BAE7C810214B6C3900844220 /* Butters.app */,
				BAE7C824214B6C3A00844220 /* ButtersTests.xctest */,
				BAD68AEB214BC1B40042C6A5 /* Butters Filter.appex */,
			);
			name = Products;
			sourceTree = "<group>";
		};
		BAE7C812214B6C3900844220 /* Butters */ = {
			isa = PBXGroup;
			children = (
				BA9500CF214E15C400D33D56 /* Butters.entitlements */,
				BAE7C813214B6C3900844220 /* AppDelegate.swift */,
				BAE7C815214B6C3900844220 /* ViewController.swift */,
				BAE7C817214B6C3900844220 /* Main.storyboard */,
				BAD68AE5214BA9030042C6A5 /* TableViewController.swift */,
				BAE7C81A214B6C3A00844220 /* Assets.xcassets */,
				BAE7C81F214B6C3A00844220 /* Info.plist */,
			);
			path = Butters;
			sourceTree = "<group>";
		};
		BAE7C827214B6C3A00844220 /* ButtersTests */ = {
			isa = PBXGroup;
			children = (
				BAE7C828214B6C3A00844220 /* ButtersTests.swift */,
				BAE7C82A214B6C3A00844220 /* Info.plist */,
			);
			path = ButtersTests;
			sourceTree = "<group>";
		};
/* End PBXGroup section */

/* Begin PBXNativeTarget section */
		BAD68AEA214BC1B40042C6A5 /* Butters Filter */ = {
			isa = PBXNativeTarget;
			buildConfigurationList = BAD68AF3214BC1B40042C6A5 /* Build configuration list for PBXNativeTarget "Butters Filter" */;
			buildPhases = (
				BAD68AE7214BC1B40042C6A5 /* Sources */,
				BAD68AE8214BC1B40042C6A5 /* Frameworks */,
				BAD68AE9214BC1B40042C6A5 /* Resources */,
			);
			buildRules = (
			);
			dependencies = (
			);
			name = "Butters Filter";
			productName = "Butters Filter";
			productReference = BAD68AEB214BC1B40042C6A5 /* Butters Filter.appex */;
			productType = "com.apple.product-type.app-extension";
		};
		BAE7C80F214B6C3900844220 /* Butters */ = {
			isa = PBXNativeTarget;
			buildConfigurationList = BAE7C82D214B6C3A00844220 /* Build configuration list for PBXNativeTarget "Butters" */;
			buildPhases = (
				BAE7C80C214B6C3900844220 /* Sources */,
				BAE7C80D214B6C3900844220 /* Frameworks */,
				BAE7C80E214B6C3900844220 /* Resources */,
				BAD68AF6214BC1B40042C6A5 /* Embed App Extensions */,
			);
			buildRules = (
			);
			dependencies = (
				BAD68AF1214BC1B40042C6A5 /* PBXTargetDependency */,
			);
			name = Butters;
			productName = Butters;
			productReference = BAE7C810214B6C3900844220 /* Butters.app */;
			productType = "com.apple.product-type.application";
		};
		BAE7C823214B6C3A00844220 /* ButtersTests */ = {
			isa = PBXNativeTarget;
			buildConfigurationList = BAE7C830214B6C3A00844220 /* Build configuration list for PBXNativeTarget "ButtersTests" */;
			buildPhases = (
				BAE7C820214B6C3A00844220 /* Sources */,
				BAE7C821214B6C3A00844220 /* Frameworks */,
				BAE7C822214B6C3A00844220 /* Resources */,
			);
			buildRules = (
			);
			dependencies = (
				BAE7C826214B6C3A00844220 /* PBXTargetDependency */,
			);
			name = ButtersTests;
			productName = ButtersTests;
			productReference = BAE7C824214B6C3A00844220 /* ButtersTests.xctest */;
			productType = "com.apple.product-type.bundle.unit-test";
		};
/* End PBXNativeTarget section */

/* Begin PBXProject section */
		BAE7C808214B6C3900844220 /* Project object */ = {
			isa = PBXProject;
			attributes = {
				LastSwiftUpdateCheck = 0940;
				LastUpgradeCheck = 0940;
				ORGANIZATIONNAME = kanj;
				TargetAttributes = {
					BAD68AEA214BC1B40042C6A5 = {
						CreatedOnToolsVersion = 9.4.1;
						SystemCapabilities = {
							com.apple.ApplicationGroups.iOS = {
								enabled = 1;
							};
						};
					};
					BAE7C80F214B6C3900844220 = {
						CreatedOnToolsVersion = 9.4.1;
						SystemCapabilities = {
							com.apple.ApplicationGroups.iOS = {
								enabled = 1;
							};
						};
					};
					BAE7C823214B6C3A00844220 = {
						CreatedOnToolsVersion = 9.4.1;
						TestTargetID = BAE7C80F214B6C3900844220;
					};
				};
			};
			buildConfigurationList = BAE7C80B214B6C3900844220 /* Build configuration list for PBXProject "Butters" */;
			compatibilityVersion = "Xcode 9.3";
			developmentRegion = en;
			hasScannedForEncodings = 0;
			knownRegions = (
				en,
				Base,
			);
			mainGroup = BAE7C807214B6C3900844220;
			productRefGroup = BAE7C811214B6C3900844220 /* Products */;
			projectDirPath = "";
			projectRoot = "";
			targets = (
				BAE7C80F214B6C3900844220 /* Butters */,
				BAE7C823214B6C3A00844220 /* ButtersTests */,
				BAD68AEA214BC1B40042C6A5 /* Butters Filter */,
			);
		};
/* End PBXProject section */

/* Begin PBXResourcesBuildPhase section */
		BAD68AE9214BC1B40042C6A5 /* Resources */ = {
			isa = PBXResourcesBuildPhase;
			buildActionMask = 2147483647;
			files = (
			);
			runOnlyForDeploymentPostprocessing = 0;
		};
		BAE7C80E214B6C3900844220 /* Resources */ = {
			isa = PBXResourcesBuildPhase;
			buildActionMask = 2147483647;
			files = (
				BAE7C81B214B6C3A00844220 /* Assets.xcassets in Resources */,
				BAE7C819214B6C3900844220 /* Main.storyboard in Resources */,
			);
			runOnlyForDeploymentPostprocessing = 0;
		};
		BAE7C822214B6C3A00844220 /* Resources */ = {
			isa = PBXResourcesBuildPhase;
			buildActionMask = 2147483647;
			files = (
			);
			runOnlyForDeploymentPostprocessing = 0;
		};
/* End PBXResourcesBuildPhase section */

/* Begin PBXSourcesBuildPhase section */
		BAD68AE7214BC1B40042C6A5 /* Sources */ = {
			isa = PBXSourcesBuildPhase;
			buildActionMask = 2147483647;
			files = (
				BAD68AEE214BC1B40042C6A5 /* MessageFilterExtension.swift in Sources */,
			);
			runOnlyForDeploymentPostprocessing = 0;
		};
		BAE7C80C214B6C3900844220 /* Sources */ = {
			isa = PBXSourcesBuildPhase;
			buildActionMask = 2147483647;
			files = (
				BAE7C816214B6C3900844220 /* ViewController.swift in Sources */,
				BAD68AE6214BA9030042C6A5 /* TableViewController.swift in Sources */,
				BAE7C814214B6C3900844220 /* AppDelegate.swift in Sources */,
			);
			runOnlyForDeploymentPostprocessing = 0;
		};
		BAE7C820214B6C3A00844220 /* Sources */ = {
			isa = PBXSourcesBuildPhase;
			buildActionMask = 2147483647;
			files = (
				BAE7C829214B6C3A00844220 /* ButtersTests.swift in Sources */,
			);
			runOnlyForDeploymentPostprocessing = 0;
		};
/* End PBXSourcesBuildPhase section */

/* Begin PBXTargetDependency section */
		BAD68AF1214BC1B40042C6A5 /* PBXTargetDependency */ = {
			isa = PBXTargetDependency;
			target = BAD68AEA214BC1B40042C6A5 /* Butters Filter */;
			targetProxy = BAD68AF0214BC1B40042C6A5 /* PBXContainerItemProxy */;
		};
		BAE7C826214B6C3A00844220 /* PBXTargetDependency */ = {
			isa = PBXTargetDependency;
			target = BAE7C80F214B6C3900844220 /* Butters */;
			targetProxy = BAE7C825214B6C3A00844220 /* PBXContainerItemProxy */;
		};
/* End PBXTargetDependency section */

/* Begin PBXVariantGroup section */
		BAE7C817214B6C3900844220 /* Main.storyboard */ = {
			isa = PBXVariantGroup;
			children = (
				BAE7C818214B6C3900844220 /* Base */,
			);
			name = Main.storyboard;
			sourceTree = "<group>";
		};
/* End PBXVariantGroup section */

/* Begin XCBuildConfiguration section */
		BAD68AF4214BC1B40042C6A5 /* Debug */ = {
			isa = XCBuildConfiguration;
			buildSettings = {
				CODE_SIGN_ENTITLEMENTS = "Butters Filter/Butters Filter.entitlements";
				CODE_SIGN_STYLE = Automatic;
				DEVELOPMENT_TEAM = Z7M524HZ2T;
				INFOPLIST_FILE = "Butters Filter/Info.plist";
				IPHONEOS_DEPLOYMENT_TARGET = 13.2;
				LD_RUNPATH_SEARCH_PATHS = (
					"$(inherited)",
					"@executable_path/Frameworks",
					"@executable_path/../../Frameworks",
				);
				PRODUCT_BUNDLE_IDENTIFIER = "apps.kanj.com.Butters.Butters-Filter";
				PRODUCT_NAME = "$(TARGET_NAME)";
				SKIP_INSTALL = YES;
				SWIFT_VERSION = 4.0;
				TARGETED_DEVICE_FAMILY = "1,2";
			};
			name = Debug;
		};
		BAD68AF5214BC1B40042C6A5 /* Release */ = {
			isa = XCBuildConfiguration;
			buildSettings = {
				CODE_SIGN_ENTITLEMENTS = "Butters Filter/Butters Filter.entitlements";
				CODE_SIGN_STYLE = Automatic;
				DEVELOPMENT_TEAM = Z7M524HZ2T;
				INFOPLIST_FILE = "Butters Filter/Info.plist";
				IPHONEOS_DEPLOYMENT_TARGET = 13.2;
				LD_RUNPATH_SEARCH_PATHS = (
					"$(inherited)",
					"@executable_path/Frameworks",
					"@executable_path/../../Frameworks",
				);
				PRODUCT_BUNDLE_IDENTIFIER = "apps.kanj.com.Butters.Butters-Filter";
				PRODUCT_NAME = "$(TARGET_NAME)";
				SKIP_INSTALL = YES;
				SWIFT_VERSION = 4.0;
				TARGETED_DEVICE_FAMILY = "1,2";
			};
			name = Release;
		};
		BAE7C82B214B6C3A00844220 /* Debug */ = {
			isa = XCBuildConfiguration;
			buildSettings = {
				ALWAYS_SEARCH_USER_PATHS = NO;
				CLANG_ANALYZER_NONNULL = YES;
				CLANG_ANALYZER_NUMBER_OBJECT_CONVERSION = YES_AGGRESSIVE;
				CLANG_CXX_LANGUAGE_STANDARD = "gnu++14";
				CLANG_CXX_LIBRARY = "libc++";
				CLANG_ENABLE_MODULES = YES;
				CLANG_ENABLE_OBJC_ARC = YES;
				CLANG_ENABLE_OBJC_WEAK = YES;
				CLANG_WARN_BLOCK_CAPTURE_AUTORELEASING = YES;
				CLANG_WARN_BOOL_CONVERSION = YES;
				CLANG_WARN_COMMA = YES;
				CLANG_WARN_CONSTANT_CONVERSION = YES;
				CLANG_WARN_DEPRECATED_OBJC_IMPLEMENTATIONS = YES;
				CLANG_WARN_DIRECT_OBJC_ISA_USAGE = YES_ERROR;
				CLANG_WARN_DOCUMENTATION_COMMENTS = YES;
				CLANG_WARN_EMPTY_BODY = YES;
				CLANG_WARN_ENUM_CONVERSION = YES;
				CLANG_WARN_INFINITE_RECURSION = YES;
				CLANG_WARN_INT_CONVERSION = YES;
				CLANG_WARN_NON_LITERAL_NULL_CONVERSION = YES;
				CLANG_WARN_OBJC_IMPLICIT_RETAIN_SELF = YES;
				CLANG_WARN_OBJC_LITERAL_CONVERSION = YES;
				CLANG_WARN_OBJC_ROOT_CLASS = YES_ERROR;
				CLANG_WARN_RANGE_LOOP_ANALYSIS = YES;
				CLANG_WARN_STRICT_PROTOTYPES = YES;
				CLANG_WARN_SUSPICIOUS_MOVE = YES;
				CLANG_WARN_UNGUARDED_AVAILABILITY = YES_AGGRESSIVE;
				CLANG_WARN_UNREACHABLE_CODE = YES;
				CLANG_WARN__DUPLICATE_METHOD_MATCH = YES;
				CODE_SIGN_IDENTITY = "iPhone Developer";
				COPY_PHASE_STRIP = NO;
				DEBUG_INFORMATION_FORMAT = dwarf;
				ENABLE_STRICT_OBJC_MSGSEND = YES;
				ENABLE_TESTABILITY = YES;
				GCC_C_LANGUAGE_STANDARD = gnu11;
				GCC_DYNAMIC_NO_PIC = NO;
				GCC_NO_COMMON_BLOCKS = YES;
				GCC_OPTIMIZATION_LEVEL = 0;
				GCC_PREPROCESSOR_DEFINITIONS = (
					"DEBUG=1",
					"$(inherited)",
				);
				GCC_WARN_64_TO_32_BIT_CONVERSION = YES;
				GCC_WARN_ABOUT_RETURN_TYPE = YES_ERROR;
				GCC_WARN_UNDECLARED_SELECTOR = YES;
				GCC_WARN_UNINITIALIZED_AUTOS = YES_AGGRESSIVE;
				GCC_WARN_UNUSED_FUNCTION = YES;
				GCC_WARN_UNUSED_VARIABLE = YES;
				IPHONEOS_DEPLOYMENT_TARGET = 11.4;
				MTL_ENABLE_DEBUG_INFO = YES;
				ONLY_ACTIVE_ARCH = YES;
				SDKROOT = iphoneos;
				SWIFT_ACTIVE_COMPILATION_CONDITIONS = DEBUG;
				SWIFT_OPTIMIZATION_LEVEL = "-Onone";
			};
			name = Debug;
		};
		BAE7C82C214B6C3A00844220 /* Release */ = {
			isa = XCBuildConfiguration;
			buildSettings = {
				ALWAYS_SEARCH_USER_PATHS = NO;
				CLANG_ANALYZER_NONNULL = YES;
				CLANG_ANALYZER_NUMBER_OBJECT_CONVERSION = YES_AGGRESSIVE;
				CLANG_CXX_LANGUAGE_STANDARD = "gnu++14";
				CLANG_CXX_LIBRARY = "libc++";
				CLANG_ENABLE_MODULES = YES;
				CLANG_ENABLE_OBJC_ARC = YES;
				CLANG_ENABLE_OBJC_WEAK = YES;
				CLANG_WARN_BLOCK_CAPTURE_AUTORELEASING = YES;
				CLANG_WARN_BOOL_CONVERSION = YES;
				CLANG_WARN_COMMA = YES;
				CLANG_WARN_CONSTANT_CONVERSION = YES;
				CLANG_WARN_DEPRECATED_OBJC_IMPLEMENTATIONS = YES;
				CLANG_WARN_DIRECT_OBJC_ISA_USAGE = YES_ERROR;
				CLANG_WARN_DOCUMENTATION_COMMENTS = YES;
				CLANG_WARN_EMPTY_BODY = YES;
				CLANG_WARN_ENUM_CONVERSION = YES;
				CLANG_WARN_INFINITE_RECURSION = YES;
				CLANG_WARN_INT_CONVERSION = YES;
				CLANG_WARN_NON_LITERAL_NULL_CONVERSION = YES;
				CLANG_WARN_OBJC_IMPLICIT_RETAIN_SELF = YES;
				CLANG_WARN_OBJC_LITERAL_CONVERSION = YES;
				CLANG_WARN_OBJC_ROOT_CLASS = YES_ERROR;
				CLANG_WARN_RANGE_LOOP_ANALYSIS = YES;
				CLANG_WARN_STRICT_PROTOTYPES = YES;
				CLANG_WARN_SUSPICIOUS_MOVE = YES;
				CLANG_WARN_UNGUARDED_AVAILABILITY = YES_AGGRESSIVE;
				CLANG_WARN_UNREACHABLE_CODE = YES;
				CLANG_WARN__DUPLICATE_METHOD_MATCH = YES;
				CODE_SIGN_IDENTITY = "iPhone Developer";
				COPY_PHASE_STRIP = NO;
				DEBUG_INFORMATION_FORMAT = "dwarf-with-dsym";
				ENABLE_NS_ASSERTIONS = NO;
				ENABLE_STRICT_OBJC_MSGSEND = YES;
				GCC_C_LANGUAGE_STANDARD = gnu11;
				GCC_NO_COMMON_BLOCKS = YES;
				GCC_WARN_64_TO_32_BIT_CONVERSION = YES;
				GCC_WARN_ABOUT_RETURN_TYPE = YES_ERROR;
				GCC_WARN_UNDECLARED_SELECTOR = YES;
				GCC_WARN_UNINITIALIZED_AUTOS = YES_AGGRESSIVE;
				GCC_WARN_UNUSED_FUNCTION = YES;
				GCC_WARN_UNUSED_VARIABLE = YES;
				IPHONEOS_DEPLOYMENT_TARGET = 11.4;
				MTL_ENABLE_DEBUG_INFO = NO;
				SDKROOT = iphoneos;
				SWIFT_COMPILATION_MODE = wholemodule;
				SWIFT_OPTIMIZATION_LEVEL = "-O";
				VALIDATE_PRODUCT = YES;
			};
			name = Release;
		};
		BAE7C82E214B6C3A00844220 /* Debug */ = {
			isa = XCBuildConfiguration;
			buildSettings = {
				ALWAYS_EMBED_SWIFT_STANDARD_LIBRARIES = YES;
				ASSETCATALOG_COMPILER_APPICON_NAME = AppIcon;
				CODE_SIGN_ENTITLEMENTS = Butters/Butters.entitlements;
				CODE_SIGN_STYLE = Automatic;
				CURRENT_PROJECT_VERSION = 2;
				DEVELOPMENT_TEAM = Z7M524HZ2T;
				INFOPLIST_FILE = Butters/Info.plist;
				IPHONEOS_DEPLOYMENT_TARGET = 13.2;
				LD_RUNPATH_SEARCH_PATHS = (
					"$(inherited)",
					"@executable_path/Frameworks",
				);
				MARKETING_VERSION = 1.1;
				PRODUCT_BUNDLE_IDENTIFIER = apps.kanj.com.Butters;
				PRODUCT_NAME = "$(TARGET_NAME)";
				SWIFT_VERSION = 4.0;
				TARGETED_DEVICE_FAMILY = "1,2";
			};
			name = Debug;
		};
		BAE7C82F214B6C3A00844220 /* Release */ = {
			isa = XCBuildConfiguration;
			buildSettings = {
				ALWAYS_EMBED_SWIFT_STANDARD_LIBRARIES = YES;
				ASSETCATALOG_COMPILER_APPICON_NAME = AppIcon;
				CODE_SIGN_ENTITLEMENTS = Butters/Butters.entitlements;
				CODE_SIGN_STYLE = Automatic;
				CURRENT_PROJECT_VERSION = 2;
				DEVELOPMENT_TEAM = Z7M524HZ2T;
				INFOPLIST_FILE = Butters/Info.plist;
				IPHONEOS_DEPLOYMENT_TARGET = 13.2;
				LD_RUNPATH_SEARCH_PATHS = (
					"$(inherited)",
					"@executable_path/Frameworks",
				);
				MARKETING_VERSION = 1.1;
				PRODUCT_BUNDLE_IDENTIFIER = apps.kanj.com.Butters;
				PRODUCT_NAME = "$(TARGET_NAME)";
				SWIFT_VERSION = 4.0;
				TARGETED_DEVICE_FAMILY = "1,2";
			};
			name = Release;
		};
		BAE7C831214B6C3A00844220 /* Debug */ = {
			isa = XCBuildConfiguration;
			buildSettings = {
				ALWAYS_EMBED_SWIFT_STANDARD_LIBRARIES = YES;
				BUNDLE_LOADER = "$(TEST_HOST)";
				CODE_SIGN_STYLE = Automatic;
				INFOPLIST_FILE = ButtersTests/Info.plist;
				LD_RUNPATH_SEARCH_PATHS = (
					"$(inherited)",
					"@executable_path/Frameworks",
					"@loader_path/Frameworks",
				);
				PRODUCT_BUNDLE_IDENTIFIER = apps.kanj.com.ButtersTests;
				PRODUCT_NAME = "$(TARGET_NAME)";
				SWIFT_VERSION = 4.0;
				TARGETED_DEVICE_FAMILY = "1,2";
				TEST_HOST = "$(BUILT_PRODUCTS_DIR)/Butters.app/Butters";
			};
			name = Debug;
		};
		BAE7C832214B6C3A00844220 /* Release */ = {
			isa = XCBuildConfiguration;
			buildSettings = {
				ALWAYS_EMBED_SWIFT_STANDARD_LIBRARIES = YES;
				BUNDLE_LOADER = "$(TEST_HOST)";
				CODE_SIGN_STYLE = Automatic;
				INFOPLIST_FILE = ButtersTests/Info.plist;
				LD_RUNPATH_SEARCH_PATHS = (
					"$(inherited)",
					"@executable_path/Frameworks",
					"@loader_path/Frameworks",
				);
				PRODUCT_BUNDLE_IDENTIFIER = apps.kanj.com.ButtersTests;
				PRODUCT_NAME = "$(TARGET_NAME)";
				SWIFT_VERSION = 4.0;
				TARGETED_DEVICE_FAMILY = "1,2";
				TEST_HOST = "$(BUILT_PRODUCTS_DIR)/Butters.app/Butters";
			};
			name = Release;
		};
/* End XCBuildConfiguration section */

/* Begin XCConfigurationList section */
		BAD68AF3214BC1B40042C6A5 /* Build configuration list for PBXNativeTarget "Butters Filter" */ = {
			isa = XCConfigurationList;
			buildConfigurations = (
				BAD68AF4214BC1B40042C6A5 /* Debug */,
				BAD68AF5214BC1B40042C6A5 /* Release */,
			);
			defaultConfigurationIsVisible = 0;
			defaultConfigurationName = Release;
		};
		BAE7C80B214B6C3900844220 /* Build configuration list for PBXProject "Butters" */ = {
			isa = XCConfigurationList;
			buildConfigurations = (
				BAE7C82B214B6C3A00844220 /* Debug */,
				BAE7C82C214B6C3A00844220 /* Release */,
			);
			defaultConfigurationIsVisible = 0;
			defaultConfigurationName = Release;
		};
		BAE7C82D214B6C3A00844220 /* Build configuration list for PBXNativeTarget "Butters" */ = {
			isa = XCConfigurationList;
			buildConfigurations = (
				BAE7C82E214B6C3A00844220 /* Debug */,
				BAE7C82F214B6C3A00844220 /* Release */,
			);
			defaultConfigurationIsVisible = 0;
			defaultConfigurationName = Release;
		};
		BAE7C830214B6C3A00844220 /* Build configuration list for PBXNativeTarget "ButtersTests" */ = {
			isa = XCConfigurationList;
			buildConfigurations = (
				BAE7C831214B6C3A00844220 /* Debug */,
				BAE7C832214B6C3A00844220 /* Release */,
			);
			defaultConfigurationIsVisible = 0;
			defaultConfigurationName = Release;
		};
/* End XCConfigurationList section */
	};
	rootObject = BAE7C808214B6C3900844220 /* Project object */;
}
